
Microsoft Visual Studio Solution File, Format Version 12.00
# Visual Studio Version 17
VisualStudioVersion = 17.3.32922.545
MinimumVisualStudioVersion = 10.0.40219.1
Project("{FAE04EC0-301F-11D3-BF4B-00C04F79EFBC}") = "FinanceAPI", "FinanceAPI\FinanceAPI.csproj", "{CADE4A2B-CCE1-4794-8B13-891EBAA8400C}"
EndProject
Global
	GlobalSection(SolutionConfigurationPlatforms) = preSolution
		Debug|Any CPU = Debug|Any CPU
		Release|Any CPU = Release|Any CPU
	EndGlobalSection
	GlobalSection(ProjectConfigurationPlatforms) = postSolution
		{CADE4A2B-CCE1-4794-8B13-891EBAA8400C}.Debug|Any CPU.ActiveCfg = Debug|Any CPU
		{CADE4A2B-CCE1-4794-8B13-891EBAA8400C}.Debug|Any CPU.Build.0 = Debug|Any CPU
		{CADE4A2B-CCE1-4794-8B13-891EBAA8400C}.Release|Any CPU.ActiveCfg = Release|Any CPU
		{CADE4A2B-CCE1-4794-8B13-891EBAA8400C}.Release|Any CPU.Build.0 = Release|Any CPU
	EndGlobalSection
	GlobalSection(SolutionProperties) = preSolution
		HideSolutionNode = FALSE
	EndGlobalSection
	GlobalSection(ExtensibilityGlobals) = postSolution
		SolutionGuid = {04523064-5724-4BA9-A6DD-2E22FD0CE6E1}
	EndGlobalSection
EndGlobal
